
Microsoft Visual Studio Solution File, Format Version 12.00
# Visual Studio Version 16
VisualStudioVersion = 16.0.29709.97
MinimumVisualStudioVersion = 10.0.40219.1
Project("{FAE04EC0-301F-11D3-BF4B-00C04F79EFBC}") = "AdditionQuiz", "AdditionQuiz\AdditionQuiz.csproj", "{08DD7325-70AF-4524-A376-098E3B246910}"
EndProject
Global
	GlobalSection(SolutionConfigurationPlatforms) = preSolution
		Debug|Any CPU = Debug|Any CPU
		Release|Any CPU = Release|Any CPU
	EndGlobalSection
	GlobalSection(ProjectConfigurationPlatforms) = postSolution
		{08DD7325-70AF-4524-A376-098E3B246910}.Debug|Any CPU.ActiveCfg = Debug|Any CPU
		{08DD7325-70AF-4524-A376-098E3B246910}.Debug|Any CPU.Build.0 = Debug|Any CPU
		{08DD7325-70AF-4524-A376-098E3B246910}.Release|Any CPU.ActiveCfg = Release|Any CPU
		{08DD7325-70AF-4524-A376-098E3B246910}.Release|Any CPU.Build.0 = Release|Any CPU
	EndGlobalSection
	GlobalSection(SolutionProperties) = preSolution
		HideSolutionNode = FALSE
	EndGlobalSection
	GlobalSection(ExtensibilityGlobals) = postSolution
		SolutionGuid = {23A22199-E293-447C-9055-ED0F9FF28F09}
	EndGlobalSection
EndGlobal
