
Microsoft Visual Studio Solution File, Format Version 12.00
# Visual Studio Version 16
VisualStudioVersion = 16.0.29709.97
MinimumVisualStudioVersion = 10.0.40219.1
Project("{FAE04EC0-301F-11D3-BF4B-00C04F79EFBC}") = "TestBooleanOperators", "TestBooleanOperators\TestBooleanOperators.csproj", "{49F8971C-AF04-48D0-9B7A-9A75096936AA}"
EndProject
Global
	GlobalSection(SolutionConfigurationPlatforms) = preSolution
		Debug|Any CPU = Debug|Any CPU
		Release|Any CPU = Release|Any CPU
	EndGlobalSection
	GlobalSection(ProjectConfigurationPlatforms) = postSolution
		{49F8971C-AF04-48D0-9B7A-9A75096936AA}.Debug|Any CPU.ActiveCfg = Debug|Any CPU
		{49F8971C-AF04-48D0-9B7A-9A75096936AA}.Debug|Any CPU.Build.0 = Debug|Any CPU
		{49F8971C-AF04-48D0-9B7A-9A75096936AA}.Release|Any CPU.ActiveCfg = Release|Any CPU
		{49F8971C-AF04-48D0-9B7A-9A75096936AA}.Release|Any CPU.Build.0 = Release|Any CPU
	EndGlobalSection
	GlobalSection(SolutionProperties) = preSolution
		HideSolutionNode = FALSE
	EndGlobalSection
	GlobalSection(ExtensibilityGlobals) = postSolution
		SolutionGuid = {41A68E33-B667-444D-9B6B-59A152D7D2EB}
	EndGlobalSection
EndGlobal
