
Microsoft Visual Studio Solution File, Format Version 12.00
# Visual Studio Version 16
VisualStudioVersion = 16.0.29709.97
MinimumVisualStudioVersion = 10.0.40219.1
Project("{FAE04EC0-301F-11D3-BF4B-00C04F79EFBC}") = "Sale", "Sale\Sale.csproj", "{E9167D6F-BBE6-4754-97BC-0C0A650AAD83}"
EndProject
Global
	GlobalSection(SolutionConfigurationPlatforms) = preSolution
		Debug|Any CPU = Debug|Any CPU
		Release|Any CPU = Release|Any CPU
	EndGlobalSection
	GlobalSection(ProjectConfigurationPlatforms) = postSolution
		{E9167D6F-BBE6-4754-97BC-0C0A650AAD83}.Debug|Any CPU.ActiveCfg = Debug|Any CPU
		{E9167D6F-BBE6-4754-97BC-0C0A650AAD83}.Debug|Any CPU.Build.0 = Debug|Any CPU
		{E9167D6F-BBE6-4754-97BC-0C0A650AAD83}.Release|Any CPU.ActiveCfg = Release|Any CPU
		{E9167D6F-BBE6-4754-97BC-0C0A650AAD83}.Release|Any CPU.Build.0 = Release|Any CPU
	EndGlobalSection
	GlobalSection(SolutionProperties) = preSolution
		HideSolutionNode = FALSE
	EndGlobalSection
	GlobalSection(ExtensibilityGlobals) = postSolution
		SolutionGuid = {B7DF94D3-BD24-4462-BEBE-1BE2E68D6716}
	EndGlobalSection
EndGlobal
