
Microsoft Visual Studio Solution File, Format Version 12.00
# Visual Studio Version 16
VisualStudioVersion = 16.0.29709.97
MinimumVisualStudioVersion = 10.0.40219.1
Project("{FAE04EC0-301F-11D3-BF4B-00C04F79EFBC}") = "ChineseZodiac", "ChineseZodiac\ChineseZodiac.csproj", "{9EA1E4E6-0FD7-4B1B-8C7E-8447E794D1D3}"
EndProject
Global
	GlobalSection(SolutionConfigurationPlatforms) = preSolution
		Debug|Any CPU = Debug|Any CPU
		Release|Any CPU = Release|Any CPU
	EndGlobalSection
	GlobalSection(ProjectConfigurationPlatforms) = postSolution
		{9EA1E4E6-0FD7-4B1B-8C7E-8447E794D1D3}.Debug|Any CPU.ActiveCfg = Debug|Any CPU
		{9EA1E4E6-0FD7-4B1B-8C7E-8447E794D1D3}.Debug|Any CPU.Build.0 = Debug|Any CPU
		{9EA1E4E6-0FD7-4B1B-8C7E-8447E794D1D3}.Release|Any CPU.ActiveCfg = Release|Any CPU
		{9EA1E4E6-0FD7-4B1B-8C7E-8447E794D1D3}.Release|Any CPU.Build.0 = Release|Any CPU
	EndGlobalSection
	GlobalSection(SolutionProperties) = preSolution
		HideSolutionNode = FALSE
	EndGlobalSection
	GlobalSection(ExtensibilityGlobals) = postSolution
		SolutionGuid = {7D6DCA2C-1F3C-4C95-88A1-E4C9A7C299B7}
	EndGlobalSection
EndGlobal
