
Microsoft Visual Studio Solution File, Format Version 12.00
# Visual Studio Version 16
VisualStudioVersion = 16.0.29709.97
MinimumVisualStudioVersion = 10.0.40219.1
Project("{FAE04EC0-301F-11D3-BF4B-00C04F79EFBC}") = "IntegerVariables", "IntegerVariables\IntegerVariables.csproj", "{0D3152D9-BEB3-4B33-A62C-D05FA63B6E43}"
EndProject
Global
	GlobalSection(SolutionConfigurationPlatforms) = preSolution
		Debug|Any CPU = Debug|Any CPU
		Release|Any CPU = Release|Any CPU
	EndGlobalSection
	GlobalSection(ProjectConfigurationPlatforms) = postSolution
		{0D3152D9-BEB3-4B33-A62C-D05FA63B6E43}.Debug|Any CPU.ActiveCfg = Debug|Any CPU
		{0D3152D9-BEB3-4B33-A62C-D05FA63B6E43}.Debug|Any CPU.Build.0 = Debug|Any CPU
		{0D3152D9-BEB3-4B33-A62C-D05FA63B6E43}.Release|Any CPU.ActiveCfg = Release|Any CPU
		{0D3152D9-BEB3-4B33-A62C-D05FA63B6E43}.Release|Any CPU.Build.0 = Release|Any CPU
	EndGlobalSection
	GlobalSection(SolutionProperties) = preSolution
		HideSolutionNode = FALSE
	EndGlobalSection
	GlobalSection(ExtensibilityGlobals) = postSolution
		SolutionGuid = {AA2C8FB0-5675-47F4-9D46-85BF4F5A0B4B}
	EndGlobalSection
EndGlobal
