
Microsoft Visual Studio Solution File, Format Version 12.00
# Visual Studio Version 16
VisualStudioVersion = 16.0.29709.97
MinimumVisualStudioVersion = 10.0.40219.1
Project("{FAE04EC0-301F-11D3-BF4B-00C04F79EFBC}") = "SimpleApp", "SimpleApp\SimpleApp.csproj", "{30A60480-F556-4B65-BAA1-64D718E7C34E}"
EndProject
Global
	GlobalSection(SolutionConfigurationPlatforms) = preSolution
		Debug|Any CPU = Debug|Any CPU
		Release|Any CPU = Release|Any CPU
	EndGlobalSection
	GlobalSection(ProjectConfigurationPlatforms) = postSolution
		{30A60480-F556-4B65-BAA1-64D718E7C34E}.Debug|Any CPU.ActiveCfg = Debug|Any CPU
		{30A60480-F556-4B65-BAA1-64D718E7C34E}.Debug|Any CPU.Build.0 = Debug|Any CPU
		{30A60480-F556-4B65-BAA1-64D718E7C34E}.Release|Any CPU.ActiveCfg = Release|Any CPU
		{30A60480-F556-4B65-BAA1-64D718E7C34E}.Release|Any CPU.Build.0 = Release|Any CPU
	EndGlobalSection
	GlobalSection(SolutionProperties) = preSolution
		HideSolutionNode = FALSE
	EndGlobalSection
	GlobalSection(ExtensibilityGlobals) = postSolution
		SolutionGuid = {CFFDE4D6-83BD-49DC-86D9-45ADB3D56B71}
	EndGlobalSection
EndGlobal
